
Microsoft Visual Studio Solution File, Format Version 12.00
# Visual Studio Version 17
VisualStudioVersion = 17.14.36414.22 d17.14
MinimumVisualStudioVersion = 10.0.40219.1
Project("{FAE04EC0-301F-11D3-BF4B-00C04F79EFBC}") = "CMART.STUDENTS.API", "CMART.STUDENTS.API\CMART.STUDENTS.API.csproj", "{B5DF22DC-3F51-4781-88AB-D6D25F0DCFB6}"
EndProject
Project("{FAE04EC0-301F-11D3-BF4B-00C04F79EFBC}") = "CMART.STUDENTS.CORE", "CMART.STUDENTS.CORE\CMART.STUDENTS.CORE.csproj", "{438A5DAD-98A9-4409-905F-17A1FCE445E1}"
EndProject
Project("{FAE04EC0-301F-11D3-BF4B-00C04F79EFBC}") = "CMART.STUDENTS.INFRASTRUCTURE", "CMART.STUDENTS.INFRASTRUCTURE\CMART.STUDENTS.INFRASTRUCTURE.csproj", "{134AC241-C771-48D5-81F4-D573E124D410}"
EndProject
Project("{FAE04EC0-301F-11D3-BF4B-00C04F79EFBC}") = "CMART.STUDENTS.SERVICES", "CMART.STUDENTS.SERVICES\CMART.STUDENTS.SERVICES.csproj", "{147E0F5E-C1D0-47A2-9B81-223A3DE511C7}"
EndProject
Global
	GlobalSection(SolutionConfigurationPlatforms) = preSolution
		Debug|Any CPU = Debug|Any CPU
		Release|Any CPU = Release|Any CPU
	EndGlobalSection
	GlobalSection(ProjectConfigurationPlatforms) = postSolution
		{B5DF22DC-3F51-4781-88AB-D6D25F0DCFB6}.Debug|Any CPU.ActiveCfg = Debug|Any CPU
		{B5DF22DC-3F51-4781-88AB-D6D25F0DCFB6}.Debug|Any CPU.Build.0 = Debug|Any CPU
		{B5DF22DC-3F51-4781-88AB-D6D25F0DCFB6}.Release|Any CPU.ActiveCfg = Release|Any CPU
		{B5DF22DC-3F51-4781-88AB-D6D25F0DCFB6}.Release|Any CPU.Build.0 = Release|Any CPU
		{438A5DAD-98A9-4409-905F-17A1FCE445E1}.Debug|Any CPU.ActiveCfg = Debug|Any CPU
		{438A5DAD-98A9-4409-905F-17A1FCE445E1}.Debug|Any CPU.Build.0 = Debug|Any CPU
		{438A5DAD-98A9-4409-905F-17A1FCE445E1}.Release|Any CPU.ActiveCfg = Release|Any CPU
		{438A5DAD-98A9-4409-905F-17A1FCE445E1}.Release|Any CPU.Build.0 = Release|Any CPU
		{134AC241-C771-48D5-81F4-D573E124D410}.Debug|Any CPU.ActiveCfg = Debug|Any CPU
		{134AC241-C771-48D5-81F4-D573E124D410}.Debug|Any CPU.Build.0 = Debug|Any CPU
		{134AC241-C771-48D5-81F4-D573E124D410}.Release|Any CPU.ActiveCfg = Release|Any CPU
		{134AC241-C771-48D5-81F4-D573E124D410}.Release|Any CPU.Build.0 = Release|Any CPU
		{147E0F5E-C1D0-47A2-9B81-223A3DE511C7}.Debug|Any CPU.ActiveCfg = Debug|Any CPU
		{147E0F5E-C1D0-47A2-9B81-223A3DE511C7}.Debug|Any CPU.Build.0 = Debug|Any CPU
		{147E0F5E-C1D0-47A2-9B81-223A3DE511C7}.Release|Any CPU.ActiveCfg = Release|Any CPU
		{147E0F5E-C1D0-47A2-9B81-223A3DE511C7}.Release|Any CPU.Build.0 = Release|Any CPU
	EndGlobalSection
	GlobalSection(SolutionProperties) = preSolution
		HideSolutionNode = FALSE
	EndGlobalSection
	GlobalSection(ExtensibilityGlobals) = postSolution
		SolutionGuid = {630738B8-8658-4B6F-AC97-FB911CC42AFE}
	EndGlobalSection
EndGlobal
